// !$*UTF8*$!
{
	archiveVersion = 1;
	classes = {
	};
	objectVersion = 50;
	objects = {

/* Begin PBXBuildFile section */
		D18DFCB73F059BF4E3AC3D39 /* Pods_WorkTime.framework in Frameworks */ = {isa = PBXBuildFile; fileRef = BEBD30D29777EBA981219B46 /* Pods_WorkTime.framework */; };
		D72A3CF3208E610D00879265 /* AddNewTaskViewController.swift in Sources */ = {isa = PBXBuildFile; fileRef = D72A3CF2208E610D00879265 /* AddNewTaskViewController.swift */; };
		D77BA804208B99ED005D0E2E /* AppDelegate.swift in Sources */ = {isa = PBXBuildFile; fileRef = D77BA803208B99ED005D0E2E /* AppDelegate.swift */; };
		D77BA806208B99ED005D0E2E /* ViewController.swift in Sources */ = {isa = PBXBuildFile; fileRef = D77BA805208B99ED005D0E2E /* ViewController.swift */; };
		D77BA809208B99ED005D0E2E /* Main.storyboard in Resources */ = {isa = PBXBuildFile; fileRef = D77BA807208B99ED005D0E2E /* Main.storyboard */; };
		D77BA80B208B99ED005D0E2E /* Assets.xcassets in Resources */ = {isa = PBXBuildFile; fileRef = D77BA80A208B99ED005D0E2E /* Assets.xcassets */; };
		D77BA80E208B99ED005D0E2E /* LaunchScreen.storyboard in Resources */ = {isa = PBXBuildFile; fileRef = D77BA80C208B99ED005D0E2E /* LaunchScreen.storyboard */; };
		D77BA816208B9D30005D0E2E /* networking.png in Resources */ = {isa = PBXBuildFile; fileRef = D77BA815208B9D30005D0E2E /* networking.png */; };
		D77BA818208B9DCA005D0E2E /* padlock.png in Resources */ = {isa = PBXBuildFile; fileRef = D77BA817208B9DCA005D0E2E /* padlock.png */; };
		D77BA81A208B9DD0005D0E2E /* login.png in Resources */ = {isa = PBXBuildFile; fileRef = D77BA819208B9DD0005D0E2E /* login.png */; };
		D77BA81C208C903F005D0E2E /* RegisterViewController.swift in Sources */ = {isa = PBXBuildFile; fileRef = D77BA81B208C903F005D0E2E /* RegisterViewController.swift */; };
		D77BA81E208C95FD005D0E2E /* MainMasterViewController.swift in Sources */ = {isa = PBXBuildFile; fileRef = D77BA81D208C95FD005D0E2E /* MainMasterViewController.swift */; };
		D77BA820208C9DD4005D0E2E /* ProjectDetailViewController.swift in Sources */ = {isa = PBXBuildFile; fileRef = D77BA81F208C9DD4005D0E2E /* ProjectDetailViewController.swift */; };
		D77BA822208C9E7A005D0E2E /* UserDetailViewController.swift in Sources */ = {isa = PBXBuildFile; fileRef = D77BA821208C9E7A005D0E2E /* UserDetailViewController.swift */; };
		D77BA824208CAB90005D0E2E /* AddNewProjectViewController.swift in Sources */ = {isa = PBXBuildFile; fileRef = D77BA823208CAB90005D0E2E /* AddNewProjectViewController.swift */; };
		D77BA826208CAF9E005D0E2E /* OrangeCustomButton.swift in Sources */ = {isa = PBXBuildFile; fileRef = D77BA825208CAF9E005D0E2E /* OrangeCustomButton.swift */; };
		D77BA828208CAFBC005D0E2E /* CustomTextField.swift in Sources */ = {isa = PBXBuildFile; fileRef = D77BA827208CAFBC005D0E2E /* CustomTextField.swift */; };
		D77BA82A208CB337005D0E2E /* curriculum.png in Resources */ = {isa = PBXBuildFile; fileRef = D77BA829208CB337005D0E2E /* curriculum.png */; };
		D77BA82C208CB33B005D0E2E /* notepad.png in Resources */ = {isa = PBXBuildFile; fileRef = D77BA82B208CB33B005D0E2E /* notepad.png */; };
		D77BA82E208CB482005D0E2E /* team.png in Resources */ = {isa = PBXBuildFile; fileRef = D77BA82D208CB482005D0E2E /* team.png */; };
		D77BA830208CB487005D0E2E /* analytics.png in Resources */ = {isa = PBXBuildFile; fileRef = D77BA82F208CB486005D0E2E /* analytics.png */; };
		D77BA832208CF122005D0E2E /* user.png in Resources */ = {isa = PBXBuildFile; fileRef = D77BA831208CF122005D0E2E /* user.png */; };
		D77BA834208CF15A005D0E2E /* UserViewController.swift in Sources */ = {isa = PBXBuildFile; fileRef = D77BA833208CF15A005D0E2E /* UserViewController.swift */; };
/* End PBXBuildFile section */

/* Begin PBXFileReference section */
		9328E3A65E1BDF46C7A68DEB /* Pods-WorkTime.release.xcconfig */ = {isa = PBXFileReference; includeInIndex = 1; lastKnownFileType = text.xcconfig; name = "Pods-WorkTime.release.xcconfig"; path = "Pods/Target Support Files/Pods-WorkTime/Pods-WorkTime.release.xcconfig"; sourceTree = "<group>"; };
		BEBD30D29777EBA981219B46 /* Pods_WorkTime.framework */ = {isa = PBXFileReference; explicitFileType = wrapper.framework; includeInIndex = 0; path = Pods_WorkTime.framework; sourceTree = BUILT_PRODUCTS_DIR; };
		D72A3CF2208E610D00879265 /* AddNewTaskViewController.swift */ = {isa = PBXFileReference; lastKnownFileType = sourcecode.swift; path = AddNewTaskViewController.swift; sourceTree = "<group>"; };
		D77BA800208B99ED005D0E2E /* WorkTime.app */ = {isa = PBXFileReference; explicitFileType = wrapper.application; includeInIndex = 0; path = WorkTime.app; sourceTree = BUILT_PRODUCTS_DIR; };
		D77BA803208B99ED005D0E2E /* AppDelegate.swift */ = {isa = PBXFileReference; lastKnownFileType = sourcecode.swift; path = AppDelegate.swift; sourceTree = "<group>"; };
		D77BA805208B99ED005D0E2E /* ViewController.swift */ = {isa = PBXFileReference; lastKnownFileType = sourcecode.swift; path = ViewController.swift; sourceTree = "<group>"; };
		D77BA808208B99ED005D0E2E /* Base */ = {isa = PBXFileReference; lastKnownFileType = file.storyboard; name = Base; path = Base.lproj/Main.storyboard; sourceTree = "<group>"; };
		D77BA80A208B99ED005D0E2E /* Assets.xcassets */ = {isa = PBXFileReference; lastKnownFileType = folder.assetcatalog; path = Assets.xcassets; sourceTree = "<group>"; };
		D77BA80D208B99ED005D0E2E /* Base */ = {isa = PBXFileReference; lastKnownFileType = file.storyboard; name = Base; path = Base.lproj/LaunchScreen.storyboard; sourceTree = "<group>"; };
		D77BA80F208B99ED005D0E2E /* Info.plist */ = {isa = PBXFileReference; lastKnownFileType = text.plist.xml; path = Info.plist; sourceTree = "<group>"; };
		D77BA815208B9D30005D0E2E /* networking.png */ = {isa = PBXFileReference; lastKnownFileType = image.png; path = networking.png; sourceTree = "<group>"; };
		D77BA817208B9DCA005D0E2E /* padlock.png */ = {isa = PBXFileReference; lastKnownFileType = image.png; path = padlock.png; sourceTree = "<group>"; };
		D77BA819208B9DD0005D0E2E /* login.png */ = {isa = PBXFileReference; lastKnownFileType = image.png; path = login.png; sourceTree = "<group>"; };
		D77BA81B208C903F005D0E2E /* RegisterViewController.swift */ = {isa = PBXFileReference; lastKnownFileType = sourcecode.swift; path = RegisterViewController.swift; sourceTree = "<group>"; };
		D77BA81D208C95FD005D0E2E /* MainMasterViewController.swift */ = {isa = PBXFileReference; lastKnownFileType = sourcecode.swift; path = MainMasterViewController.swift; sourceTree = "<group>"; };
		D77BA81F208C9DD4005D0E2E /* ProjectDetailViewController.swift */ = {isa = PBXFileReference; lastKnownFileType = sourcecode.swift; path = ProjectDetailViewController.swift; sourceTree = "<group>"; };
		D77BA821208C9E7A005D0E2E /* UserDetailViewController.swift */ = {isa = PBXFileReference; lastKnownFileType = sourcecode.swift; path = UserDetailViewController.swift; sourceTree = "<group>"; };
		D77BA823208CAB90005D0E2E /* AddNewProjectViewController.swift */ = {isa = PBXFileReference; lastKnownFileType = sourcecode.swift; path = AddNewProjectViewController.swift; sourceTree = "<group>"; };
		D77BA825208CAF9E005D0E2E /* OrangeCustomButton.swift */ = {isa = PBXFileReference; lastKnownFileType = sourcecode.swift; path = OrangeCustomButton.swift; sourceTree = "<group>"; };
		D77BA827208CAFBC005D0E2E /* CustomTextField.swift */ = {isa = PBXFileReference; lastKnownFileType = sourcecode.swift; path = CustomTextField.swift; sourceTree = "<group>"; };
		D77BA829208CB337005D0E2E /* curriculum.png */ = {isa = PBXFileReference; lastKnownFileType = image.png; path = curriculum.png; sourceTree = "<group>"; };
		D77BA82B208CB33B005D0E2E /* notepad.png */ = {isa = PBXFileReference; lastKnownFileType = image.png; path = notepad.png; sourceTree = "<group>"; };
		D77BA82D208CB482005D0E2E /* team.png */ = {isa = PBXFileReference; lastKnownFileType = image.png; path = team.png; sourceTree = "<group>"; };
		D77BA82F208CB486005D0E2E /* analytics.png */ = {isa = PBXFileReference; lastKnownFileType = image.png; path = analytics.png; sourceTree = "<group>"; };
		D77BA831208CF122005D0E2E /* user.png */ = {isa = PBXFileReference; lastKnownFileType = image.png; path = user.png; sourceTree = "<group>"; };
		D77BA833208CF15A005D0E2E /* UserViewController.swift */ = {isa = PBXFileReference; lastKnownFileType = sourcecode.swift; path = UserViewController.swift; sourceTree = "<group>"; };
		E3F0AAD4A91C2FC2CF799EF7 /* Pods-WorkTime.debug.xcconfig */ = {isa = PBXFileReference; includeInIndex = 1; lastKnownFileType = text.xcconfig; name = "Pods-WorkTime.debug.xcconfig"; path = "Pods/Target Support Files/Pods-WorkTime/Pods-WorkTime.debug.xcconfig"; sourceTree = "<group>"; };
/* End PBXFileReference section */

/* Begin PBXFrameworksBuildPhase section */
		D77BA7FD208B99ED005D0E2E /* Frameworks */ = {
			isa = PBXFrameworksBuildPhase;
			buildActionMask = 2147483647;
			files = (
				D18DFCB73F059BF4E3AC3D39 /* Pods_WorkTime.framework in Frameworks */,
			);
			runOnlyForDeploymentPostprocessing = 0;
		};
/* End PBXFrameworksBuildPhase section */

/* Begin PBXGroup section */
		5B68AE07274184AD3117DCA5 /* Pods */ = {
			isa = PBXGroup;
			children = (
				E3F0AAD4A91C2FC2CF799EF7 /* Pods-WorkTime.debug.xcconfig */,
				9328E3A65E1BDF46C7A68DEB /* Pods-WorkTime.release.xcconfig */,
			);
			name = Pods;
			sourceTree = "<group>";
		};
		68DA71596019938670B67D12 /* Frameworks */ = {
			isa = PBXGroup;
			children = (
				BEBD30D29777EBA981219B46 /* Pods_WorkTime.framework */,
			);
			name = Frameworks;
			sourceTree = "<group>";
		};
		D77BA7F7208B99ED005D0E2E = {
			isa = PBXGroup;
			children = (
				D77BA802208B99ED005D0E2E /* WorkTime */,
				D77BA801208B99ED005D0E2E /* Products */,
				5B68AE07274184AD3117DCA5 /* Pods */,
				68DA71596019938670B67D12 /* Frameworks */,
			);
			sourceTree = "<group>";
		};
		D77BA801208B99ED005D0E2E /* Products */ = {
			isa = PBXGroup;
			children = (
				D77BA800208B99ED005D0E2E /* WorkTime.app */,
			);
			name = Products;
			sourceTree = "<group>";
		};
		D77BA802208B99ED005D0E2E /* WorkTime */ = {
			isa = PBXGroup;
			children = (
				D77BA803208B99ED005D0E2E /* AppDelegate.swift */,
				D77BA805208B99ED005D0E2E /* ViewController.swift */,
				D77BA81B208C903F005D0E2E /* RegisterViewController.swift */,
				D77BA81D208C95FD005D0E2E /* MainMasterViewController.swift */,
				D77BA81F208C9DD4005D0E2E /* ProjectDetailViewController.swift */,
				D77BA821208C9E7A005D0E2E /* UserDetailViewController.swift */,
				D77BA823208CAB90005D0E2E /* AddNewProjectViewController.swift */,
				D77BA833208CF15A005D0E2E /* UserViewController.swift */,
				D72A3CF2208E610D00879265 /* AddNewTaskViewController.swift */,
				D77BA827208CAFBC005D0E2E /* CustomTextField.swift */,
				D77BA825208CAF9E005D0E2E /* OrangeCustomButton.swift */,
				D77BA807208B99ED005D0E2E /* Main.storyboard */,
				D77BA82F208CB486005D0E2E /* analytics.png */,
				D77BA829208CB337005D0E2E /* curriculum.png */,
				D77BA831208CF122005D0E2E /* user.png */,
				D77BA82D208CB482005D0E2E /* team.png */,
				D77BA82B208CB33B005D0E2E /* notepad.png */,
				D77BA815208B9D30005D0E2E /* networking.png */,
				D77BA819208B9DD0005D0E2E /* login.png */,
				D77BA817208B9DCA005D0E2E /* padlock.png */,
				D77BA80A208B99ED005D0E2E /* Assets.xcassets */,
				D77BA80C208B99ED005D0E2E /* LaunchScreen.storyboard */,
				D77BA80F208B99ED005D0E2E /* Info.plist */,
			);
			path = WorkTime;
			sourceTree = "<group>";
		};
/* End PBXGroup section */

/* Begin PBXNativeTarget section */
		D77BA7FF208B99ED005D0E2E /* WorkTime */ = {
			isa = PBXNativeTarget;
			buildConfigurationList = D77BA812208B99ED005D0E2E /* Build configuration list for PBXNativeTarget "WorkTime" */;
			buildPhases = (
				F3FD16F425B0896161A166D1 /* [CP] Check Pods Manifest.lock */,
				D77BA7FC208B99ED005D0E2E /* Sources */,
				D77BA7FD208B99ED005D0E2E /* Frameworks */,
				D77BA7FE208B99ED005D0E2E /* Resources */,
				8A0EC16C2D96DDC7443CD802 /* [CP] Embed Pods Frameworks */,
			);
			buildRules = (
			);
			dependencies = (
			);
			name = WorkTime;
			productName = WorkTime;
			productReference = D77BA800208B99ED005D0E2E /* WorkTime.app */;
			productType = "com.apple.product-type.application";
		};
/* End PBXNativeTarget section */

/* Begin PBXProject section */
		D77BA7F8208B99ED005D0E2E /* Project object */ = {
			isa = PBXProject;
			attributes = {
				LastSwiftUpdateCheck = 0930;
				LastUpgradeCheck = 0930;
				ORGANIZATIONNAME = "Szymon Szysz";
				TargetAttributes = {
					D77BA7FF208B99ED005D0E2E = {
						CreatedOnToolsVersion = 9.3;
					};
				};
			};
			buildConfigurationList = D77BA7FB208B99ED005D0E2E /* Build configuration list for PBXProject "WorkTime" */;
			compatibilityVersion = "Xcode 9.3";
			developmentRegion = en;
			hasScannedForEncodings = 0;
			knownRegions = (
				en,
				Base,
			);
			mainGroup = D77BA7F7208B99ED005D0E2E;
			productRefGroup = D77BA801208B99ED005D0E2E /* Products */;
			projectDirPath = "";
			projectRoot = "";
			targets = (
				D77BA7FF208B99ED005D0E2E /* WorkTime */,
			);
		};
/* End PBXProject section */

/* Begin PBXResourcesBuildPhase section */
		D77BA7FE208B99ED005D0E2E /* Resources */ = {
			isa = PBXResourcesBuildPhase;
			buildActionMask = 2147483647;
			files = (
				D77BA82A208CB337005D0E2E /* curriculum.png in Resources */,
				D77BA82C208CB33B005D0E2E /* notepad.png in Resources */,
				D77BA82E208CB482005D0E2E /* team.png in Resources */,
				D77BA832208CF122005D0E2E /* user.png in Resources */,
				D77BA80E208B99ED005D0E2E /* LaunchScreen.storyboard in Resources */,
				D77BA81A208B9DD0005D0E2E /* login.png in Resources */,
				D77BA816208B9D30005D0E2E /* networking.png in Resources */,
				D77BA830208CB487005D0E2E /* analytics.png in Resources */,
				D77BA80B208B99ED005D0E2E /* Assets.xcassets in Resources */,
				D77BA809208B99ED005D0E2E /* Main.storyboard in Resources */,
				D77BA818208B9DCA005D0E2E /* padlock.png in Resources */,
			);
			runOnlyForDeploymentPostprocessing = 0;
		};
/* End PBXResourcesBuildPhase section */

/* Begin PBXShellScriptBuildPhase section */
		8A0EC16C2D96DDC7443CD802 /* [CP] Embed Pods Frameworks */ = {
			isa = PBXShellScriptBuildPhase;
			buildActionMask = 2147483647;
			files = (
			);
			inputPaths = (
				"${SRCROOT}/Pods/Target Support Files/Pods-WorkTime/Pods-WorkTime-frameworks.sh",
				"${BUILT_PRODUCTS_DIR}/Charts/Charts.framework",
				"${BUILT_PRODUCTS_DIR}/ChartsRealm/ChartsRealm.framework",
				"${BUILT_PRODUCTS_DIR}/Realm/Realm.framework",
				"${BUILT_PRODUCTS_DIR}/RealmSwift/RealmSwift.framework",
			);
			name = "[CP] Embed Pods Frameworks";
			outputPaths = (
				"${TARGET_BUILD_DIR}/${FRAMEWORKS_FOLDER_PATH}/Charts.framework",
				"${TARGET_BUILD_DIR}/${FRAMEWORKS_FOLDER_PATH}/ChartsRealm.framework",
				"${TARGET_BUILD_DIR}/${FRAMEWORKS_FOLDER_PATH}/Realm.framework",
				"${TARGET_BUILD_DIR}/${FRAMEWORKS_FOLDER_PATH}/RealmSwift.framework",
			);
			runOnlyForDeploymentPostprocessing = 0;
			shellPath = /bin/sh;
			shellScript = "\"${SRCROOT}/Pods/Target Support Files/Pods-WorkTime/Pods-WorkTime-frameworks.sh\"\n";
			showEnvVarsInLog = 0;
		};
		F3FD16F425B0896161A166D1 /* [CP] Check Pods Manifest.lock */ = {
			isa = PBXShellScriptBuildPhase;
			buildActionMask = 2147483647;
			files = (
			);
			inputPaths = (
				"${PODS_PODFILE_DIR_PATH}/Podfile.lock",
				"${PODS_ROOT}/Manifest.lock",
			);
			name = "[CP] Check Pods Manifest.lock";
			outputPaths = (
				"$(DERIVED_FILE_DIR)/Pods-WorkTime-checkManifestLockResult.txt",
			);
			runOnlyForDeploymentPostprocessing = 0;
			shellPath = /bin/sh;
			shellScript = "diff \"${PODS_PODFILE_DIR_PATH}/Podfile.lock\" \"${PODS_ROOT}/Manifest.lock\" > /dev/null\nif [ $? != 0 ] ; then\n    # print error to STDERR\n    echo \"error: The sandbox is not in sync with the Podfile.lock. Run 'pod install' or update your CocoaPods installation.\" >&2\n    exit 1\nfi\n# This output is used by Xcode 'outputs' to avoid re-running this script phase.\necho \"SUCCESS\" > \"${SCRIPT_OUTPUT_FILE_0}\"\n";
			showEnvVarsInLog = 0;
		};
/* End PBXShellScriptBuildPhase section */

/* Begin PBXSourcesBuildPhase section */
		D77BA7FC208B99ED005D0E2E /* Sources */ = {
			isa = PBXSourcesBuildPhase;
			buildActionMask = 2147483647;
			files = (
				D77BA81C208C903F005D0E2E /* RegisterViewController.swift in Sources */,
				D72A3CF3208E610D00879265 /* AddNewTaskViewController.swift in Sources */,
				D77BA834208CF15A005D0E2E /* UserViewController.swift in Sources */,
				D77BA820208C9DD4005D0E2E /* ProjectDetailViewController.swift in Sources */,
				D77BA822208C9E7A005D0E2E /* UserDetailViewController.swift in Sources */,
				D77BA824208CAB90005D0E2E /* AddNewProjectViewController.swift in Sources */,
				D77BA81E208C95FD005D0E2E /* MainMasterViewController.swift in Sources */,
				D77BA806208B99ED005D0E2E /* ViewController.swift in Sources */,
				D77BA826208CAF9E005D0E2E /* OrangeCustomButton.swift in Sources */,
				D77BA804208B99ED005D0E2E /* AppDelegate.swift in Sources */,
				D77BA828208CAFBC005D0E2E /* CustomTextField.swift in Sources */,
			);
			runOnlyForDeploymentPostprocessing = 0;
		};
/* End PBXSourcesBuildPhase section */

/* Begin PBXVariantGroup section */
		D77BA807208B99ED005D0E2E /* Main.storyboard */ = {
			isa = PBXVariantGroup;
			children = (
				D77BA808208B99ED005D0E2E /* Base */,
			);
			name = Main.storyboard;
			sourceTree = "<group>";
		};
		D77BA80C208B99ED005D0E2E /* LaunchScreen.storyboard */ = {
			isa = PBXVariantGroup;
			children = (
				D77BA80D208B99ED005D0E2E /* Base */,
			);
			name = LaunchScreen.storyboard;
			sourceTree = "<group>";
		};
/* End PBXVariantGroup section */

/* Begin XCBuildConfiguration section */
		D77BA810208B99ED005D0E2E /* Debug */ = {
			isa = XCBuildConfiguration;
			buildSettings = {
				ALWAYS_SEARCH_USER_PATHS = NO;
				CLANG_ANALYZER_NONNULL = YES;
				CLANG_ANALYZER_NUMBER_OBJECT_CONVERSION = YES_AGGRESSIVE;
				CLANG_CXX_LANGUAGE_STANDARD = "gnu++14";
				CLANG_CXX_LIBRARY = "libc++";
				CLANG_ENABLE_MODULES = YES;
				CLANG_ENABLE_OBJC_ARC = YES;
				CLANG_ENABLE_OBJC_WEAK = YES;
				CLANG_WARN_BLOCK_CAPTURE_AUTORELEASING = YES;
				CLANG_WARN_BOOL_CONVERSION = YES;
				CLANG_WARN_COMMA = YES;
				CLANG_WARN_CONSTANT_CONVERSION = YES;
				CLANG_WARN_DEPRECATED_OBJC_IMPLEMENTATIONS = YES;
				CLANG_WARN_DIRECT_OBJC_ISA_USAGE = YES_ERROR;
				CLANG_WARN_DOCUMENTATION_COMMENTS = YES;
				CLANG_WARN_EMPTY_BODY = YES;
				CLANG_WARN_ENUM_CONVERSION = YES;
				CLANG_WARN_INFINITE_RECURSION = YES;
				CLANG_WARN_INT_CONVERSION = YES;
				CLANG_WARN_NON_LITERAL_NULL_CONVERSION = YES;
				CLANG_WARN_OBJC_IMPLICIT_RETAIN_SELF = YES;
				CLANG_WARN_OBJC_LITERAL_CONVERSION = YES;
				CLANG_WARN_OBJC_ROOT_CLASS = YES_ERROR;
				CLANG_WARN_RANGE_LOOP_ANALYSIS = YES;
				CLANG_WARN_STRICT_PROTOTYPES = YES;
				CLANG_WARN_SUSPICIOUS_MOVE = YES;
				CLANG_WARN_UNGUARDED_AVAILABILITY = YES_AGGRESSIVE;
				CLANG_WARN_UNREACHABLE_CODE = YES;
				CLANG_WARN__DUPLICATE_METHOD_MATCH = YES;
				CODE_SIGN_IDENTITY = "iPhone Developer";
				COPY_PHASE_STRIP = NO;
				DEBUG_INFORMATION_FORMAT = dwarf;
				ENABLE_STRICT_OBJC_MSGSEND = YES;
				ENABLE_TESTABILITY = YES;
				GCC_C_LANGUAGE_STANDARD = gnu11;
				GCC_DYNAMIC_NO_PIC = NO;
				GCC_NO_COMMON_BLOCKS = YES;
				GCC_OPTIMIZATION_LEVEL = 0;
				GCC_PREPROCESSOR_DEFINITIONS = (
					"DEBUG=1",
					"$(inherited)",
				);
				GCC_WARN_64_TO_32_BIT_CONVERSION = YES;
				GCC_WARN_ABOUT_RETURN_TYPE = YES_ERROR;
				GCC_WARN_UNDECLARED_SELECTOR = YES;
				GCC_WARN_UNINITIALIZED_AUTOS = YES_AGGRESSIVE;
				GCC_WARN_UNUSED_FUNCTION = YES;
				GCC_WARN_UNUSED_VARIABLE = YES;
				IPHONEOS_DEPLOYMENT_TARGET = 11.3;
				MTL_ENABLE_DEBUG_INFO = YES;
				ONLY_ACTIVE_ARCH = YES;
				SDKROOT = iphoneos;
				SWIFT_ACTIVE_COMPILATION_CONDITIONS = DEBUG;
				SWIFT_OPTIMIZATION_LEVEL = "-Onone";
			};
			name = Debug;
		};
		D77BA811208B99ED005D0E2E /* Release */ = {
			isa = XCBuildConfiguration;
			buildSettings = {
				ALWAYS_SEARCH_USER_PATHS = NO;
				CLANG_ANALYZER_NONNULL = YES;
				CLANG_ANALYZER_NUMBER_OBJECT_CONVERSION = YES_AGGRESSIVE;
				CLANG_CXX_LANGUAGE_STANDARD = "gnu++14";
				CLANG_CXX_LIBRARY = "libc++";
				CLANG_ENABLE_MODULES = YES;
				CLANG_ENABLE_OBJC_ARC = YES;
				CLANG_ENABLE_OBJC_WEAK = YES;
				CLANG_WARN_BLOCK_CAPTURE_AUTORELEASING = YES;
				CLANG_WARN_BOOL_CONVERSION = YES;
				CLANG_WARN_COMMA = YES;
				CLANG_WARN_CONSTANT_CONVERSION = YES;
				CLANG_WARN_DEPRECATED_OBJC_IMPLEMENTATIONS = YES;
				CLANG_WARN_DIRECT_OBJC_ISA_USAGE = YES_ERROR;
				CLANG_WARN_DOCUMENTATION_COMMENTS = YES;
				CLANG_WARN_EMPTY_BODY = YES;
				CLANG_WARN_ENUM_CONVERSION = YES;
				CLANG_WARN_INFINITE_RECURSION = YES;
				CLANG_WARN_INT_CONVERSION = YES;
				CLANG_WARN_NON_LITERAL_NULL_CONVERSION = YES;
				CLANG_WARN_OBJC_IMPLICIT_RETAIN_SELF = YES;
				CLANG_WARN_OBJC_LITERAL_CONVERSION = YES;
				CLANG_WARN_OBJC_ROOT_CLASS = YES_ERROR;
				CLANG_WARN_RANGE_LOOP_ANALYSIS = YES;
				CLANG_WARN_STRICT_PROTOTYPES = YES;
				CLANG_WARN_SUSPICIOUS_MOVE = YES;
				CLANG_WARN_UNGUARDED_AVAILABILITY = YES_AGGRESSIVE;
				CLANG_WARN_UNREACHABLE_CODE = YES;
				CLANG_WARN__DUPLICATE_METHOD_MATCH = YES;
				CODE_SIGN_IDENTITY = "iPhone Developer";
				COPY_PHASE_STRIP = NO;
				DEBUG_INFORMATION_FORMAT = "dwarf-with-dsym";
				ENABLE_NS_ASSERTIONS = NO;
				ENABLE_STRICT_OBJC_MSGSEND = YES;
				GCC_C_LANGUAGE_STANDARD = gnu11;
				GCC_NO_COMMON_BLOCKS = YES;
				GCC_WARN_64_TO_32_BIT_CONVERSION = YES;
				GCC_WARN_ABOUT_RETURN_TYPE = YES_ERROR;
				GCC_WARN_UNDECLARED_SELECTOR = YES;
				GCC_WARN_UNINITIALIZED_AUTOS = YES_AGGRESSIVE;
				GCC_WARN_UNUSED_FUNCTION = YES;
				GCC_WARN_UNUSED_VARIABLE = YES;
				IPHONEOS_DEPLOYMENT_TARGET = 11.3;
				MTL_ENABLE_DEBUG_INFO = NO;
				SDKROOT = iphoneos;
				SWIFT_COMPILATION_MODE = wholemodule;
				SWIFT_OPTIMIZATION_LEVEL = "-O";
				VALIDATE_PRODUCT = YES;
			};
			name = Release;
		};
		D77BA813208B99ED005D0E2E /* Debug */ = {
			isa = XCBuildConfiguration;
			baseConfigurationReference = E3F0AAD4A91C2FC2CF799EF7 /* Pods-WorkTime.debug.xcconfig */;
			buildSettings = {
				ASSETCATALOG_COMPILER_APPICON_NAME = AppIcon;
				CODE_SIGN_STYLE = Automatic;
				INFOPLIST_FILE = WorkTime/Info.plist;
				LD_RUNPATH_SEARCH_PATHS = (
					"$(inherited)",
					"@executable_path/Frameworks",
				);
				PRODUCT_BUNDLE_IDENTIFIER = com.SzymonSzysz.WorkTime;
				PRODUCT_NAME = "$(TARGET_NAME)";
				SWIFT_VERSION = 4.0;
				TARGETED_DEVICE_FAMILY = "1,2";
			};
			name = Debug;
		};
		D77BA814208B99ED005D0E2E /* Release */ = {
			isa = XCBuildConfiguration;
			baseConfigurationReference = 9328E3A65E1BDF46C7A68DEB /* Pods-WorkTime.release.xcconfig */;
			buildSettings = {
				ASSETCATALOG_COMPILER_APPICON_NAME = AppIcon;
				CODE_SIGN_STYLE = Automatic;
				INFOPLIST_FILE = WorkTime/Info.plist;
				LD_RUNPATH_SEARCH_PATHS = (
					"$(inherited)",
					"@executable_path/Frameworks",
				);
				PRODUCT_BUNDLE_IDENTIFIER = com.SzymonSzysz.WorkTime;
				PRODUCT_NAME = "$(TARGET_NAME)";
				SWIFT_VERSION = 4.0;
				TARGETED_DEVICE_FAMILY = "1,2";
			};
			name = Release;
		};
/* End XCBuildConfiguration section */

/* Begin XCConfigurationList section */
		D77BA7FB208B99ED005D0E2E /* Build configuration list for PBXProject "WorkTime" */ = {
			isa = XCConfigurationList;
			buildConfigurations = (
				D77BA810208B99ED005D0E2E /* Debug */,
				D77BA811208B99ED005D0E2E /* Release */,
			);
			defaultConfigurationIsVisible = 0;
			defaultConfigurationName = Release;
		};
		D77BA812208B99ED005D0E2E /* Build configuration list for PBXNativeTarget "WorkTime" */ = {
			isa = XCConfigurationList;
			buildConfigurations = (
				D77BA813208B99ED005D0E2E /* Debug */,
				D77BA814208B99ED005D0E2E /* Release */,
			);
			defaultConfigurationIsVisible = 0;
			defaultConfigurationName = Release;
		};
/* End XCConfigurationList section */
	};
	rootObject = D77BA7F8208B99ED005D0E2E /* Project object */;
}
